{
  "nodes": {
    "cppevent": {
      "inputs": {
        "nixpkgs": [
          "nixpkgs"
        ]
      },
      "locked": {
        "lastModified": 1710860880,
        "narHash": "sha256-encuJ81cDgzBQfmKnaK786WvhejA4b/atmmTa/cdPl8=",
        "owner": "Manoharan-Ajay-Anand",
        "repo": "cppevent",
        "rev": "ca8e7cb12603d4ab3aca234dc1e9c1147b41bba3",
        "type": "github"
      },
      "original": {
        "owner": "Manoharan-Ajay-Anand",
        "repo": "cppevent",
        "type": "github"
      }
    },
    "nixpkgs": {
      "locked": {
        "lastModified": 1710860368,
        "narHash": "sha256-BXQZC6xgvzOf/x0cHOM2sCqRI7+hGdh1fuGBZh5ew9I=",
        "owner": "NixOS",
        "repo": "nixpkgs",
        "rev": "5171ed6431dcc22e6bd5c8b1edd11311d9e7a82c",
        "type": "github"
      },
      "original": {
        "owner": "NixOS",
        "repo": "nixpkgs",
        "type": "github"
      }
    },
    "root": {
      "inputs": {
        "cppevent": "cppevent",
        "nixpkgs": "nixpkgs"
      }
    }
  },
  "root": "root",
  "version": 7
}
